
Microsoft Visual Studio Solution File, Format Version 12.00
# Visual Studio Version 17
VisualStudioVersion = 17.0.32014.148
MinimumVisualStudioVersion = 10.0.40219.1
Project("{8BC9CEB8-8B4A-11D0-8D11-00A0C91BC942}") = "Code20220505", "Code20220505.vcxproj", "{FB100C44-E505-4B08-B91E-7FB8F17080EF}"
EndProject
Global
	GlobalSection(SolutionConfigurationPlatforms) = preSolution
		Debug|x64 = Debug|x64
		Debug|x86 = Debug|x86
		Release|x64 = Release|x64
		Release|x86 = Release|x86
	EndGlobalSection
	GlobalSection(ProjectConfigurationPlatforms) = postSolution
		{FB100C44-E505-4B08-B91E-7FB8F17080EF}.Debug|x64.ActiveCfg = Debug|x64
		{FB100C44-E505-4B08-B91E-7FB8F17080EF}.Debug|x64.Build.0 = Debug|x64
		{FB100C44-E505-4B08-B91E-7FB8F17080EF}.Debug|x86.ActiveCfg = Debug|Win32
		{FB100C44-E505-4B08-B91E-7FB8F17080EF}.Debug|x86.Build.0 = Debug|Win32
		{FB100C44-E505-4B08-B91E-7FB8F17080EF}.Release|x64.ActiveCfg = Release|x64
		{FB100C44-E505-4B08-B91E-7FB8F17080EF}.Release|x64.Build.0 = Release|x64
		{FB100C44-E505-4B08-B91E-7FB8F17080EF}.Release|x86.ActiveCfg = Release|Win32
		{FB100C44-E505-4B08-B91E-7FB8F17080EF}.Release|x86.Build.0 = Release|Win32
	EndGlobalSection
	GlobalSection(SolutionProperties) = preSolution
		HideSolutionNode = FALSE
	EndGlobalSection
	GlobalSection(ExtensibilityGlobals) = postSolution
		SolutionGuid = {BC3B4E07-A3E3-4ADE-BEB2-DEABCBFCC1B5}
	EndGlobalSection
EndGlobal
