
Microsoft Visual Studio Solution File, Format Version 12.00
# Visual Studio Version 17
VisualStudioVersion = 17.0.32014.148
MinimumVisualStudioVersion = 10.0.40219.1
Project("{8BC9CEB8-8B4A-11D0-8D11-00A0C91BC942}") = "Code20220406", "Code20220406.vcxproj", "{F968FAEA-0D38-4972-A8DD-6C7AB8B1F33F}"
EndProject
Global
	GlobalSection(SolutionConfigurationPlatforms) = preSolution
		Debug|x64 = Debug|x64
		Debug|x86 = Debug|x86
		Release|x64 = Release|x64
		Release|x86 = Release|x86
	EndGlobalSection
	GlobalSection(ProjectConfigurationPlatforms) = postSolution
		{F968FAEA-0D38-4972-A8DD-6C7AB8B1F33F}.Debug|x64.ActiveCfg = Debug|x64
		{F968FAEA-0D38-4972-A8DD-6C7AB8B1F33F}.Debug|x64.Build.0 = Debug|x64
		{F968FAEA-0D38-4972-A8DD-6C7AB8B1F33F}.Debug|x86.ActiveCfg = Debug|Win32
		{F968FAEA-0D38-4972-A8DD-6C7AB8B1F33F}.Debug|x86.Build.0 = Debug|Win32
		{F968FAEA-0D38-4972-A8DD-6C7AB8B1F33F}.Release|x64.ActiveCfg = Release|x64
		{F968FAEA-0D38-4972-A8DD-6C7AB8B1F33F}.Release|x64.Build.0 = Release|x64
		{F968FAEA-0D38-4972-A8DD-6C7AB8B1F33F}.Release|x86.ActiveCfg = Release|Win32
		{F968FAEA-0D38-4972-A8DD-6C7AB8B1F33F}.Release|x86.Build.0 = Release|Win32
	EndGlobalSection
	GlobalSection(SolutionProperties) = preSolution
		HideSolutionNode = FALSE
	EndGlobalSection
	GlobalSection(ExtensibilityGlobals) = postSolution
		SolutionGuid = {446E5371-97BF-4628-8413-F4C3451D8B7A}
	EndGlobalSection
EndGlobal
